
Microsoft Visual Studio Solution File, Format Version 12.00
# Visual Studio 15
VisualStudioVersion = 15.0.28307.1525
MinimumVisualStudioVersion = 10.0.40219.1
Project("{FAE04EC0-301F-11D3-BF4B-00C04F79EFBC}") = "CursoMVC", "CursoMVC\CursoMVC.csproj", "{A2F55A70-B552-4CA7-936D-3EA0CE54CBB6}"
EndProject
Global
	GlobalSection(SolutionConfigurationPlatforms) = preSolution
		Debug|Any CPU = Debug|Any CPU
		Release|Any CPU = Release|Any CPU
	EndGlobalSection
	GlobalSection(ProjectConfigurationPlatforms) = postSolution
		{A2F55A70-B552-4CA7-936D-3EA0CE54CBB6}.Debug|Any CPU.ActiveCfg = Debug|Any CPU
		{A2F55A70-B552-4CA7-936D-3EA0CE54CBB6}.Debug|Any CPU.Build.0 = Debug|Any CPU
		{A2F55A70-B552-4CA7-936D-3EA0CE54CBB6}.Release|Any CPU.ActiveCfg = Release|Any CPU
		{A2F55A70-B552-4CA7-936D-3EA0CE54CBB6}.Release|Any CPU.Build.0 = Release|Any CPU
	EndGlobalSection
	GlobalSection(SolutionProperties) = preSolution
		HideSolutionNode = FALSE
	EndGlobalSection
	GlobalSection(ExtensibilityGlobals) = postSolution
		SolutionGuid = {7C2FA9EA-CEED-422B-948A-3E86926BB8A2}
	EndGlobalSection
EndGlobal
